
Microsoft Visual Studio Solution File, Format Version 12.00
# Visual Studio Version 17
VisualStudioVersion = 17.3.32825.248
MinimumVisualStudioVersion = 10.0.40219.1
Project("{FAE04EC0-301F-11D3-BF4B-00C04F79EFBC}") = "Git_Hub_OOP_TEST", "Git_Hub_OOP_TEST\Git_Hub_OOP_TEST.csproj", "{6AD1CAA3-9762-46AE-B417-FBCC0722BA9A}"
EndProject
Global
	GlobalSection(SolutionConfigurationPlatforms) = preSolution
		Debug|Any CPU = Debug|Any CPU
		Release|Any CPU = Release|Any CPU
	EndGlobalSection
	GlobalSection(ProjectConfigurationPlatforms) = postSolution
		{6AD1CAA3-9762-46AE-B417-FBCC0722BA9A}.Debug|Any CPU.ActiveCfg = Debug|Any CPU
		{6AD1CAA3-9762-46AE-B417-FBCC0722BA9A}.Debug|Any CPU.Build.0 = Debug|Any CPU
		{6AD1CAA3-9762-46AE-B417-FBCC0722BA9A}.Release|Any CPU.ActiveCfg = Release|Any CPU
		{6AD1CAA3-9762-46AE-B417-FBCC0722BA9A}.Release|Any CPU.Build.0 = Release|Any CPU
	EndGlobalSection
	GlobalSection(SolutionProperties) = preSolution
		HideSolutionNode = FALSE
	EndGlobalSection
	GlobalSection(ExtensibilityGlobals) = postSolution
		SolutionGuid = {57DBE635-AEBB-49F2-AA86-4151F3B98287}
	EndGlobalSection
EndGlobal
